
Microsoft Visual Studio Solution File, Format Version 12.00
# Visual Studio Version 17
VisualStudioVersion = 17.10.35027.167
MinimumVisualStudioVersion = 10.0.40219.1
Project("{9A19103F-16F7-4668-BE54-9A1E7A4F7556}") = "TWS Foundation", "TWS Foundation\TWS Foundation.csproj", "{C614240B-92BD-4EE6-9F8F-97F1E21C3CB1}"
EndProject
Project("{2150E333-8FDC-42A3-9474-1A3956D46DE8}") = "CSM Foundation", "CSM Foundation", "{42F35350-E69F-4DD3-A05A-FF010A5EA1FA}"
EndProject
Project("{2150E333-8FDC-42A3-9474-1A3956D46DE8}") = "TWS Customer", "TWS Customer", "{91088964-B082-497A-A756-2966BB581156}"
EndProject
Project("{2150E333-8FDC-42A3-9474-1A3956D46DE8}") = "Databases", "Databases", "{3637583D-1977-417D-A9F6-1F8443EA4CA8}"
EndProject
Project("{9A19103F-16F7-4668-BE54-9A1E7A4F7556}") = "CSM Foundation", "CSM Foundation\CSM Foundation.csproj", "{52263862-47EE-4C78-97B8-87D4C443A305}"
EndProject
Project("{2150E333-8FDC-42A3-9474-1A3956D46DE8}") = "TWS Business", "TWS Business", "{D2FC4420-586D-46FE-BD40-E20CB0CEE83F}"
EndProject
Project("{9A19103F-16F7-4668-BE54-9A1E7A4F7556}") = "TWS Business", "TWS Business\TWS Business.csproj", "{D0077263-4F36-46CA-BC0B-3E5781C3B191}"
EndProject
Project("{9A19103F-16F7-4668-BE54-9A1E7A4F7556}") = "TWS Customer", "TWS Customer\TWS Customer.csproj", "{95EC7695-3235-4977-B31D-F868AE7C691D}"
EndProject
Project("{2150E333-8FDC-42A3-9474-1A3956D46DE8}") = "CSM Security", "CSM Security", "{EC926824-8C24-4223-AFEE-B1053C370097}"
EndProject
Project("{2150E333-8FDC-42A3-9474-1A3956D46DE8}") = "Solution Items", "Solution Items", "{33E22C0E-DE34-43F9-8AFC-5501AE5F6C94}"
	ProjectSection(SolutionItems) = preProject
		.editorconfig = .editorconfig
		CHANGELOG.md = CHANGELOG.md
		developer.runsettings = developer.runsettings
	EndProjectSection
EndProject
Project("{FAE04EC0-301F-11D3-BF4B-00C04F79EFBC}") = "CSM Security", "CSM Security\CSM Security.csproj", "{2212C0DC-E003-2087-94A3-15F67124571F}"
EndProject
Project("{FAE04EC0-301F-11D3-BF4B-00C04F79EFBC}") = "CSM Security.Quality", "CSM Security.Quality\CSM Security.Quality.csproj", "{C148928A-9564-41EF-926D-7440F08EB563}"
EndProject
Project("{FAE04EC0-301F-11D3-BF4B-00C04F79EFBC}") = "TWS Customer.Quality", "TWS Customer.Quality\TWS Customer.Quality.csproj", "{3228B627-3B71-4FD6-A0F3-0917E42C3A10}"
EndProject
Project("{FAE04EC0-301F-11D3-BF4B-00C04F79EFBC}") = "TWS Business.Quality", "TWS Business.Quality\TWS Business.Quality.csproj", "{D7CA6CD6-7E40-45D8-962F-012505267B26}"
EndProject
Project("{FAE04EC0-301F-11D3-BF4B-00C04F79EFBC}") = "TWS Foundation.Quality", "TWS Foundation.Quality\TWS Foundation.Quality.csproj", "{FF795986-A462-42FD-9433-6A47508A2332}"
EndProject
Project("{2150E333-8FDC-42A3-9474-1A3956D46DE8}") = "Elementos de la solución", "Elementos de la solución", "{D107F4C8-89CC-BEA8-D3D7-CA6B7733353D}"
	ProjectSection(SolutionItems) = preProject
		developer.runsettings = developer.runsettings
	EndProjectSection
EndProject
Global
	GlobalSection(SolutionConfigurationPlatforms) = preSolution
		Debug|Any CPU = Debug|Any CPU
		Release|Any CPU = Release|Any CPU
	EndGlobalSection
	GlobalSection(ProjectConfigurationPlatforms) = postSolution
		{C614240B-92BD-4EE6-9F8F-97F1E21C3CB1}.Debug|Any CPU.ActiveCfg = Debug|Any CPU
		{C614240B-92BD-4EE6-9F8F-97F1E21C3CB1}.Debug|Any CPU.Build.0 = Debug|Any CPU
		{C614240B-92BD-4EE6-9F8F-97F1E21C3CB1}.Release|Any CPU.ActiveCfg = Release|Any CPU
		{C614240B-92BD-4EE6-9F8F-97F1E21C3CB1}.Release|Any CPU.Build.0 = Release|Any CPU
		{52263862-47EE-4C78-97B8-87D4C443A305}.Debug|Any CPU.ActiveCfg = Debug|Any CPU
		{52263862-47EE-4C78-97B8-87D4C443A305}.Debug|Any CPU.Build.0 = Debug|Any CPU
		{52263862-47EE-4C78-97B8-87D4C443A305}.Release|Any CPU.ActiveCfg = Release|Any CPU
		{52263862-47EE-4C78-97B8-87D4C443A305}.Release|Any CPU.Build.0 = Release|Any CPU
		{D0077263-4F36-46CA-BC0B-3E5781C3B191}.Debug|Any CPU.ActiveCfg = Debug|Any CPU
		{D0077263-4F36-46CA-BC0B-3E5781C3B191}.Debug|Any CPU.Build.0 = Debug|Any CPU
		{D0077263-4F36-46CA-BC0B-3E5781C3B191}.Release|Any CPU.ActiveCfg = Release|Any CPU
		{D0077263-4F36-46CA-BC0B-3E5781C3B191}.Release|Any CPU.Build.0 = Release|Any CPU
		{95EC7695-3235-4977-B31D-F868AE7C691D}.Debug|Any CPU.ActiveCfg = Debug|Any CPU
		{95EC7695-3235-4977-B31D-F868AE7C691D}.Debug|Any CPU.Build.0 = Debug|Any CPU
		{95EC7695-3235-4977-B31D-F868AE7C691D}.Release|Any CPU.ActiveCfg = Release|Any CPU
		{95EC7695-3235-4977-B31D-F868AE7C691D}.Release|Any CPU.Build.0 = Release|Any CPU
		{2212C0DC-E003-2087-94A3-15F67124571F}.Debug|Any CPU.ActiveCfg = Debug|Any CPU
		{2212C0DC-E003-2087-94A3-15F67124571F}.Debug|Any CPU.Build.0 = Debug|Any CPU
		{2212C0DC-E003-2087-94A3-15F67124571F}.Release|Any CPU.ActiveCfg = Release|Any CPU
		{2212C0DC-E003-2087-94A3-15F67124571F}.Release|Any CPU.Build.0 = Release|Any CPU
		{C148928A-9564-41EF-926D-7440F08EB563}.Debug|Any CPU.ActiveCfg = Debug|Any CPU
		{C148928A-9564-41EF-926D-7440F08EB563}.Debug|Any CPU.Build.0 = Debug|Any CPU
		{C148928A-9564-41EF-926D-7440F08EB563}.Release|Any CPU.ActiveCfg = Release|Any CPU
		{C148928A-9564-41EF-926D-7440F08EB563}.Release|Any CPU.Build.0 = Release|Any CPU
		{3228B627-3B71-4FD6-A0F3-0917E42C3A10}.Debug|Any CPU.ActiveCfg = Debug|Any CPU
		{3228B627-3B71-4FD6-A0F3-0917E42C3A10}.Debug|Any CPU.Build.0 = Debug|Any CPU
		{3228B627-3B71-4FD6-A0F3-0917E42C3A10}.Release|Any CPU.ActiveCfg = Release|Any CPU
		{3228B627-3B71-4FD6-A0F3-0917E42C3A10}.Release|Any CPU.Build.0 = Release|Any CPU
		{D7CA6CD6-7E40-45D8-962F-012505267B26}.Debug|Any CPU.ActiveCfg = Debug|Any CPU
		{D7CA6CD6-7E40-45D8-962F-012505267B26}.Debug|Any CPU.Build.0 = Debug|Any CPU
		{D7CA6CD6-7E40-45D8-962F-012505267B26}.Release|Any CPU.ActiveCfg = Release|Any CPU
		{D7CA6CD6-7E40-45D8-962F-012505267B26}.Release|Any CPU.Build.0 = Release|Any CPU
		{FF795986-A462-42FD-9433-6A47508A2332}.Debug|Any CPU.ActiveCfg = Debug|Any CPU
		{FF795986-A462-42FD-9433-6A47508A2332}.Debug|Any CPU.Build.0 = Debug|Any CPU
		{FF795986-A462-42FD-9433-6A47508A2332}.Release|Any CPU.ActiveCfg = Release|Any CPU
		{FF795986-A462-42FD-9433-6A47508A2332}.Release|Any CPU.Build.0 = Release|Any CPU
	EndGlobalSection
	GlobalSection(SolutionProperties) = preSolution
		HideSolutionNode = FALSE
	EndGlobalSection
	GlobalSection(NestedProjects) = preSolution
		{3637583D-1977-417D-A9F6-1F8443EA4CA8} = {91088964-B082-497A-A756-2966BB581156}
		{52263862-47EE-4C78-97B8-87D4C443A305} = {42F35350-E69F-4DD3-A05A-FF010A5EA1FA}
		{D2FC4420-586D-46FE-BD40-E20CB0CEE83F} = {3637583D-1977-417D-A9F6-1F8443EA4CA8}
		{D0077263-4F36-46CA-BC0B-3E5781C3B191} = {D2FC4420-586D-46FE-BD40-E20CB0CEE83F}
		{95EC7695-3235-4977-B31D-F868AE7C691D} = {91088964-B082-497A-A756-2966BB581156}
		{EC926824-8C24-4223-AFEE-B1053C370097} = {42F35350-E69F-4DD3-A05A-FF010A5EA1FA}
		{2212C0DC-E003-2087-94A3-15F67124571F} = {EC926824-8C24-4223-AFEE-B1053C370097}
		{C148928A-9564-41EF-926D-7440F08EB563} = {EC926824-8C24-4223-AFEE-B1053C370097}
		{3228B627-3B71-4FD6-A0F3-0917E42C3A10} = {91088964-B082-497A-A756-2966BB581156}
		{D7CA6CD6-7E40-45D8-962F-012505267B26} = {D2FC4420-586D-46FE-BD40-E20CB0CEE83F}
	EndGlobalSection
	GlobalSection(ExtensibilityGlobals) = postSolution
		SolutionGuid = {E32DF5DB-FDFA-4503-9651-7763DA17BFB2}
	EndGlobalSection
EndGlobal
