
Microsoft Visual Studio Solution File, Format Version 12.00
# Visual Studio Version 17
VisualStudioVersion = 17.10.35027.167
MinimumVisualStudioVersion = 10.0.40219.1
Project("{9A19103F-16F7-4668-BE54-9A1E7A4F7556}") = "TWS Foundation", "TWS Foundation\TWS Foundation.csproj", "{C614240B-92BD-4EE6-9F8F-97F1E21C3CB1}"
EndProject
Project("{2150E333-8FDC-42A3-9474-1A3956D46DE8}") = "CSM Foundation", "CSM Foundation", "{42F35350-E69F-4DD3-A05A-FF010A5EA1FA}"
EndProject
Project("{2150E333-8FDC-42A3-9474-1A3956D46DE8}") = "TWS Customer", "TWS Customer", "{91088964-B082-497A-A756-2966BB581156}"
EndProject
Project("{2150E333-8FDC-42A3-9474-1A3956D46DE8}") = "Databases", "Databases", "{3637583D-1977-417D-A9F6-1F8443EA4CA8}"
EndProject
Project("{9A19103F-16F7-4668-BE54-9A1E7A4F7556}") = "CSM Foundation", "CSM Foundation\CSM Foundation.csproj", "{52263862-47EE-4C78-97B8-87D4C443A305}"
EndProject
Project("{2150E333-8FDC-42A3-9474-1A3956D46DE8}") = "TWS Business", "TWS Business", "{D2FC4420-586D-46FE-BD40-E20CB0CEE83F}"
EndProject
Project("{9A19103F-16F7-4668-BE54-9A1E7A4F7556}") = "TWS Business", "TWS Business\TWS Business.csproj", "{D0077263-4F36-46CA-BC0B-3E5781C3B191}"
EndProject
Project("{9A19103F-16F7-4668-BE54-9A1E7A4F7556}") = "TWS Customer", "TWS Customer\TWS Customer.csproj", "{95EC7695-3235-4977-B31D-F868AE7C691D}"
EndProject
Project("{9A19103F-16F7-4668-BE54-9A1E7A4F7556}") = "TWS Customer.Quality", "TWS Customer.Quality\TWS Customer.Quality.csproj", "{0F41936F-8DF0-4AB7-A686-308191137FCD}"
EndProject
Project("{9A19103F-16F7-4668-BE54-9A1E7A4F7556}") = "TWS Business.Quality", "TWS Business.Quality\TWS Business.Quality.csproj", "{B683624F-74FF-44E6-9197-630A3614543E}"
EndProject
Project("{9A19103F-16F7-4668-BE54-9A1E7A4F7556}") = "TWS Security", "TWS Security\TWS Security.csproj", "{0F1EC7A1-B0B6-4C7E-8309-B3350002DB89}"
EndProject
Project("{2150E333-8FDC-42A3-9474-1A3956D46DE8}") = "TWS Security", "TWS Security", "{EC926824-8C24-4223-AFEE-B1053C370097}"
EndProject
Project("{9A19103F-16F7-4668-BE54-9A1E7A4F7556}") = "TWS Security.Quality", "TWS Security.Quality\TWS Security.Quality.csproj", "{EF050B99-AC00-44BB-A5C7-0296F1E9ABEF}"
EndProject
Project("{9A19103F-16F7-4668-BE54-9A1E7A4F7556}") = "TWS Foundation.Quality", "Server.Quality\TWS Foundation.Quality.csproj", "{0AE1A197-DEA7-4BFE-85F1-32354C7C9098}"
EndProject
Project("{2150E333-8FDC-42A3-9474-1A3956D46DE8}") = "Solution Items", "Solution Items", "{33E22C0E-DE34-43F9-8AFC-5501AE5F6C94}"
	ProjectSection(SolutionItems) = preProject
		.editorconfig = .editorconfig
	EndProjectSection
EndProject
Global
	GlobalSection(SolutionConfigurationPlatforms) = preSolution
		Debug|Any CPU = Debug|Any CPU
		Release|Any CPU = Release|Any CPU
	EndGlobalSection
	GlobalSection(ProjectConfigurationPlatforms) = postSolution
		{C614240B-92BD-4EE6-9F8F-97F1E21C3CB1}.Debug|Any CPU.ActiveCfg = Debug|Any CPU
		{C614240B-92BD-4EE6-9F8F-97F1E21C3CB1}.Debug|Any CPU.Build.0 = Debug|Any CPU
		{C614240B-92BD-4EE6-9F8F-97F1E21C3CB1}.Release|Any CPU.ActiveCfg = Release|Any CPU
		{C614240B-92BD-4EE6-9F8F-97F1E21C3CB1}.Release|Any CPU.Build.0 = Release|Any CPU
		{52263862-47EE-4C78-97B8-87D4C443A305}.Debug|Any CPU.ActiveCfg = Debug|Any CPU
		{52263862-47EE-4C78-97B8-87D4C443A305}.Debug|Any CPU.Build.0 = Debug|Any CPU
		{52263862-47EE-4C78-97B8-87D4C443A305}.Release|Any CPU.ActiveCfg = Release|Any CPU
		{52263862-47EE-4C78-97B8-87D4C443A305}.Release|Any CPU.Build.0 = Release|Any CPU
		{D0077263-4F36-46CA-BC0B-3E5781C3B191}.Debug|Any CPU.ActiveCfg = Debug|Any CPU
		{D0077263-4F36-46CA-BC0B-3E5781C3B191}.Debug|Any CPU.Build.0 = Debug|Any CPU
		{D0077263-4F36-46CA-BC0B-3E5781C3B191}.Release|Any CPU.ActiveCfg = Release|Any CPU
		{D0077263-4F36-46CA-BC0B-3E5781C3B191}.Release|Any CPU.Build.0 = Release|Any CPU
		{95EC7695-3235-4977-B31D-F868AE7C691D}.Debug|Any CPU.ActiveCfg = Debug|Any CPU
		{95EC7695-3235-4977-B31D-F868AE7C691D}.Debug|Any CPU.Build.0 = Debug|Any CPU
		{95EC7695-3235-4977-B31D-F868AE7C691D}.Release|Any CPU.ActiveCfg = Release|Any CPU
		{95EC7695-3235-4977-B31D-F868AE7C691D}.Release|Any CPU.Build.0 = Release|Any CPU
		{0F41936F-8DF0-4AB7-A686-308191137FCD}.Debug|Any CPU.ActiveCfg = Debug|Any CPU
		{0F41936F-8DF0-4AB7-A686-308191137FCD}.Debug|Any CPU.Build.0 = Debug|Any CPU
		{0F41936F-8DF0-4AB7-A686-308191137FCD}.Release|Any CPU.ActiveCfg = Release|Any CPU
		{0F41936F-8DF0-4AB7-A686-308191137FCD}.Release|Any CPU.Build.0 = Release|Any CPU
		{B683624F-74FF-44E6-9197-630A3614543E}.Debug|Any CPU.ActiveCfg = Debug|Any CPU
		{B683624F-74FF-44E6-9197-630A3614543E}.Debug|Any CPU.Build.0 = Debug|Any CPU
		{B683624F-74FF-44E6-9197-630A3614543E}.Release|Any CPU.ActiveCfg = Release|Any CPU
		{B683624F-74FF-44E6-9197-630A3614543E}.Release|Any CPU.Build.0 = Release|Any CPU
		{0F1EC7A1-B0B6-4C7E-8309-B3350002DB89}.Debug|Any CPU.ActiveCfg = Debug|Any CPU
		{0F1EC7A1-B0B6-4C7E-8309-B3350002DB89}.Debug|Any CPU.Build.0 = Debug|Any CPU
		{0F1EC7A1-B0B6-4C7E-8309-B3350002DB89}.Release|Any CPU.ActiveCfg = Release|Any CPU
		{0F1EC7A1-B0B6-4C7E-8309-B3350002DB89}.Release|Any CPU.Build.0 = Release|Any CPU
		{EF050B99-AC00-44BB-A5C7-0296F1E9ABEF}.Debug|Any CPU.ActiveCfg = Debug|Any CPU
		{EF050B99-AC00-44BB-A5C7-0296F1E9ABEF}.Debug|Any CPU.Build.0 = Debug|Any CPU
		{EF050B99-AC00-44BB-A5C7-0296F1E9ABEF}.Release|Any CPU.ActiveCfg = Release|Any CPU
		{EF050B99-AC00-44BB-A5C7-0296F1E9ABEF}.Release|Any CPU.Build.0 = Release|Any CPU
		{0AE1A197-DEA7-4BFE-85F1-32354C7C9098}.Debug|Any CPU.ActiveCfg = Debug|Any CPU
		{0AE1A197-DEA7-4BFE-85F1-32354C7C9098}.Debug|Any CPU.Build.0 = Debug|Any CPU
		{0AE1A197-DEA7-4BFE-85F1-32354C7C9098}.Release|Any CPU.ActiveCfg = Release|Any CPU
		{0AE1A197-DEA7-4BFE-85F1-32354C7C9098}.Release|Any CPU.Build.0 = Release|Any CPU
	EndGlobalSection
	GlobalSection(SolutionProperties) = preSolution
		HideSolutionNode = FALSE
	EndGlobalSection
	GlobalSection(NestedProjects) = preSolution
		{3637583D-1977-417D-A9F6-1F8443EA4CA8} = {91088964-B082-497A-A756-2966BB581156}
		{52263862-47EE-4C78-97B8-87D4C443A305} = {42F35350-E69F-4DD3-A05A-FF010A5EA1FA}
		{D2FC4420-586D-46FE-BD40-E20CB0CEE83F} = {3637583D-1977-417D-A9F6-1F8443EA4CA8}
		{D0077263-4F36-46CA-BC0B-3E5781C3B191} = {D2FC4420-586D-46FE-BD40-E20CB0CEE83F}
		{95EC7695-3235-4977-B31D-F868AE7C691D} = {91088964-B082-497A-A756-2966BB581156}
		{0F41936F-8DF0-4AB7-A686-308191137FCD} = {91088964-B082-497A-A756-2966BB581156}
		{B683624F-74FF-44E6-9197-630A3614543E} = {D2FC4420-586D-46FE-BD40-E20CB0CEE83F}
		{0F1EC7A1-B0B6-4C7E-8309-B3350002DB89} = {EC926824-8C24-4223-AFEE-B1053C370097}
		{EC926824-8C24-4223-AFEE-B1053C370097} = {3637583D-1977-417D-A9F6-1F8443EA4CA8}
		{EF050B99-AC00-44BB-A5C7-0296F1E9ABEF} = {EC926824-8C24-4223-AFEE-B1053C370097}
	EndGlobalSection
	GlobalSection(ExtensibilityGlobals) = postSolution
		SolutionGuid = {E32DF5DB-FDFA-4503-9651-7763DA17BFB2}
	EndGlobalSection
EndGlobal
